// !$*UTF8*$!
{
	archiveVersion = 1;
	classes = {
	};
	objectVersion = 56;
	objects = {

/* Begin PBXBuildFile section */
		BB013B472C92235300D2920F /* groceryMartApp.swift in Sources */ = {isa = PBXBuildFile; fileRef = BB013B462C92235300D2920F /* groceryMartApp.swift */; };
		BB013B492C92235300D2920F /* ContentView.swift in Sources */ = {isa = PBXBuildFile; fileRef = BB013B482C92235300D2920F /* ContentView.swift */; };
		BB013B4B2C92235500D2920F /* Assets.xcassets in Resources */ = {isa = PBXBuildFile; fileRef = BB013B4A2C92235500D2920F /* Assets.xcassets */; };
		BB013B4E2C92235500D2920F /* Preview Assets.xcassets in Resources */ = {isa = PBXBuildFile; fileRef = BB013B4D2C92235500D2920F /* Preview Assets.xcassets */; };
		BB013B582C92235600D2920F /* groceryMartTests.swift in Sources */ = {isa = PBXBuildFile; fileRef = BB013B572C92235600D2920F /* groceryMartTests.swift */; };
		BB013B622C92235600D2920F /* groceryMartUITests.swift in Sources */ = {isa = PBXBuildFile; fileRef = BB013B612C92235600D2920F /* groceryMartUITests.swift */; };
		BB013B642C92235600D2920F /* groceryMartUITestsLaunchTests.swift in Sources */ = {isa = PBXBuildFile; fileRef = BB013B632C92235600D2920F /* groceryMartUITestsLaunchTests.swift */; };
/* End PBXBuildFile section */

/* Begin PBXContainerItemProxy section */
		BB013B542C92235600D2920F /* PBXContainerItemProxy */ = {
			isa = PBXContainerItemProxy;
			containerPortal = BB013B3B2C92235300D2920F /* Project object */;
			proxyType = 1;
			remoteGlobalIDString = BB013B422C92235300D2920F;
			remoteInfo = groceryMart;
		};
		BB013B5E2C92235600D2920F /* PBXContainerItemProxy */ = {
			isa = PBXContainerItemProxy;
			containerPortal = BB013B3B2C92235300D2920F /* Project object */;
			proxyType = 1;
			remoteGlobalIDString = BB013B422C92235300D2920F;
			remoteInfo = groceryMart;
		};
/* End PBXContainerItemProxy section */

/* Begin PBXFileReference section */
		BB013B432C92235300D2920F /* groceryMart.app */ = {isa = PBXFileReference; explicitFileType = wrapper.application; includeInIndex = 0; path = groceryMart.app; sourceTree = BUILT_PRODUCTS_DIR; };
		BB013B462C92235300D2920F /* groceryMartApp.swift */ = {isa = PBXFileReference; lastKnownFileType = sourcecode.swift; path = groceryMartApp.swift; sourceTree = "<group>"; };
		BB013B482C92235300D2920F /* ContentView.swift */ = {isa = PBXFileReference; lastKnownFileType = sourcecode.swift; path = ContentView.swift; sourceTree = "<group>"; };
		BB013B4A2C92235500D2920F /* Assets.xcassets */ = {isa = PBXFileReference; lastKnownFileType = folder.assetcatalog; path = Assets.xcassets; sourceTree = "<group>"; };
		BB013B4D2C92235500D2920F /* Preview Assets.xcassets */ = {isa = PBXFileReference; lastKnownFileType = folder.assetcatalog; path = "Preview Assets.xcassets"; sourceTree = "<group>"; };
		BB013B532C92235600D2920F /* groceryMartTests.xctest */ = {isa = PBXFileReference; explicitFileType = wrapper.cfbundle; includeInIndex = 0; path = groceryMartTests.xctest; sourceTree = BUILT_PRODUCTS_DIR; };
		BB013B572C92235600D2920F /* groceryMartTests.swift */ = {isa = PBXFileReference; lastKnownFileType = sourcecode.swift; path = groceryMartTests.swift; sourceTree = "<group>"; };
		BB013B5D2C92235600D2920F /* groceryMartUITests.xctest */ = {isa = PBXFileReference; explicitFileType = wrapper.cfbundle; includeInIndex = 0; path = groceryMartUITests.xctest; sourceTree = BUILT_PRODUCTS_DIR; };
		BB013B612C92235600D2920F /* groceryMartUITests.swift */ = {isa = PBXFileReference; lastKnownFileType = sourcecode.swift; path = groceryMartUITests.swift; sourceTree = "<group>"; };
		BB013B632C92235600D2920F /* groceryMartUITestsLaunchTests.swift */ = {isa = PBXFileReference; lastKnownFileType = sourcecode.swift; path = groceryMartUITestsLaunchTests.swift; sourceTree = "<group>"; };
/* End PBXFileReference section */

/* Begin PBXFrameworksBuildPhase section */
		BB013B402C92235300D2920F /* Frameworks */ = {
			isa = PBXFrameworksBuildPhase;
			buildActionMask = 2147483647;
			files = (
			);
			runOnlyForDeploymentPostprocessing = 0;
		};
		BB013B502C92235600D2920F /* Frameworks */ = {
			isa = PBXFrameworksBuildPhase;
			buildActionMask = 2147483647;
			files = (
			);
			runOnlyForDeploymentPostprocessing = 0;
		};
		BB013B5A2C92235600D2920F /* Frameworks */ = {
			isa = PBXFrameworksBuildPhase;
			buildActionMask = 2147483647;
			files = (
			);
			runOnlyForDeploymentPostprocessing = 0;
		};
/* End PBXFrameworksBuildPhase section */

/* Begin PBXGroup section */
		BB013B3A2C92235300D2920F = {
			isa = PBXGroup;
			children = (
				BB013B452C92235300D2920F /* groceryMart */,
				BB013B562C92235600D2920F /* groceryMartTests */,
				BB013B602C92235600D2920F /* groceryMartUITests */,
				BB013B442C92235300D2920F /* Products */,
			);
			sourceTree = "<group>";
		};
		BB013B442C92235300D2920F /* Products */ = {
			isa = PBXGroup;
			children = (
				BB013B432C92235300D2920F /* groceryMart.app */,
				BB013B532C92235600D2920F /* groceryMartTests.xctest */,
				BB013B5D2C92235600D2920F /* groceryMartUITests.xctest */,
			);
			name = Products;
			sourceTree = "<group>";
		};
		BB013B452C92235300D2920F /* groceryMart */ = {
			isa = PBXGroup;
			children = (
				BB013B462C92235300D2920F /* groceryMartApp.swift */,
				BB013B482C92235300D2920F /* ContentView.swift */,
				BB013B4A2C92235500D2920F /* Assets.xcassets */,
				BB013B4C2C92235500D2920F /* Preview Content */,
			);
			path = groceryMart;
			sourceTree = "<group>";
		};
		BB013B4C2C92235500D2920F /* Preview Content */ = {
			isa = PBXGroup;
			children = (
				BB013B4D2C92235500D2920F /* Preview Assets.xcassets */,
			);
			path = "Preview Content";
			sourceTree = "<group>";
		};
		BB013B562C92235600D2920F /* groceryMartTests */ = {
			isa = PBXGroup;
			children = (
				BB013B572C92235600D2920F /* groceryMartTests.swift */,
			);
			path = groceryMartTests;
			sourceTree = "<group>";
		};
		BB013B602C92235600D2920F /* groceryMartUITests */ = {
			isa = PBXGroup;
			children = (
				BB013B612C92235600D2920F /* groceryMartUITests.swift */,
				BB013B632C92235600D2920F /* groceryMartUITestsLaunchTests.swift */,
			);
			path = groceryMartUITests;
			sourceTree = "<group>";
		};
/* End PBXGroup section */

/* Begin PBXNativeTarget section */
		BB013B422C92235300D2920F /* groceryMart */ = {
			isa = PBXNativeTarget;
			buildConfigurationList = BB013B672C92235600D2920F /* Build configuration list for PBXNativeTarget "groceryMart" */;
			buildPhases = (
				BB013B3F2C92235300D2920F /* Sources */,
				BB013B402C92235300D2920F /* Frameworks */,
				BB013B412C92235300D2920F /* Resources */,
			);
			buildRules = (
			);
			dependencies = (
			);
			name = groceryMart;
			productName = groceryMart;
			productReference = BB013B432C92235300D2920F /* groceryMart.app */;
			productType = "com.apple.product-type.application";
		};
		BB013B522C92235600D2920F /* groceryMartTests */ = {
			isa = PBXNativeTarget;
			buildConfigurationList = BB013B6A2C92235600D2920F /* Build configuration list for PBXNativeTarget "groceryMartTests" */;
			buildPhases = (
				BB013B4F2C92235600D2920F /* Sources */,
				BB013B502C92235600D2920F /* Frameworks */,
				BB013B512C92235600D2920F /* Resources */,
			);
			buildRules = (
			);
			dependencies = (
				BB013B552C92235600D2920F /* PBXTargetDependency */,
			);
			name = groceryMartTests;
			productName = groceryMartTests;
			productReference = BB013B532C92235600D2920F /* groceryMartTests.xctest */;
			productType = "com.apple.product-type.bundle.unit-test";
		};
		BB013B5C2C92235600D2920F /* groceryMartUITests */ = {
			isa = PBXNativeTarget;
			buildConfigurationList = BB013B6D2C92235600D2920F /* Build configuration list for PBXNativeTarget "groceryMartUITests" */;
			buildPhases = (
				BB013B592C92235600D2920F /* Sources */,
				BB013B5A2C92235600D2920F /* Frameworks */,
				BB013B5B2C92235600D2920F /* Resources */,
			);
			buildRules = (
			);
			dependencies = (
				BB013B5F2C92235600D2920F /* PBXTargetDependency */,
			);
			name = groceryMartUITests;
			productName = groceryMartUITests;
			productReference = BB013B5D2C92235600D2920F /* groceryMartUITests.xctest */;
			productType = "com.apple.product-type.bundle.ui-testing";
		};
/* End PBXNativeTarget section */

/* Begin PBXProject section */
		BB013B3B2C92235300D2920F /* Project object */ = {
			isa = PBXProject;
			attributes = {
				BuildIndependentTargetsInParallel = 1;
				LastSwiftUpdateCheck = 1540;
				LastUpgradeCheck = 1540;
				TargetAttributes = {
					BB013B422C92235300D2920F = {
						CreatedOnToolsVersion = 15.4;
					};
					BB013B522C92235600D2920F = {
						CreatedOnToolsVersion = 15.4;
						TestTargetID = BB013B422C92235300D2920F;
					};
					BB013B5C2C92235600D2920F = {
						CreatedOnToolsVersion = 15.4;
						TestTargetID = BB013B422C92235300D2920F;
					};
				};
			};
			buildConfigurationList = BB013B3E2C92235300D2920F /* Build configuration list for PBXProject "groceryMart" */;
			compatibilityVersion = "Xcode 14.0";
			developmentRegion = en;
			hasScannedForEncodings = 0;
			knownRegions = (
				en,
				Base,
			);
			mainGroup = BB013B3A2C92235300D2920F;
			productRefGroup = BB013B442C92235300D2920F /* Products */;
			projectDirPath = "";
			projectRoot = "";
			targets = (
				BB013B422C92235300D2920F /* groceryMart */,
				BB013B522C92235600D2920F /* groceryMartTests */,
				BB013B5C2C92235600D2920F /* groceryMartUITests */,
			);
		};
/* End PBXProject section */

/* Begin PBXResourcesBuildPhase section */
		BB013B412C92235300D2920F /* Resources */ = {
			isa = PBXResourcesBuildPhase;
			buildActionMask = 2147483647;
			files = (
				BB013B4E2C92235500D2920F /* Preview Assets.xcassets in Resources */,
				BB013B4B2C92235500D2920F /* Assets.xcassets in Resources */,
			);
			runOnlyForDeploymentPostprocessing = 0;
		};
		BB013B512C92235600D2920F /* Resources */ = {
			isa = PBXResourcesBuildPhase;
			buildActionMask = 2147483647;
			files = (
			);
			runOnlyForDeploymentPostprocessing = 0;
		};
		BB013B5B2C92235600D2920F /* Resources */ = {
			isa = PBXResourcesBuildPhase;
			buildActionMask = 2147483647;
			files = (
			);
			runOnlyForDeploymentPostprocessing = 0;
		};
/* End PBXResourcesBuildPhase section */

/* Begin PBXSourcesBuildPhase section */
		BB013B3F2C92235300D2920F /* Sources */ = {
			isa = PBXSourcesBuildPhase;
			buildActionMask = 2147483647;
			files = (
				BB013B492C92235300D2920F /* ContentView.swift in Sources */,
				BB013B472C92235300D2920F /* groceryMartApp.swift in Sources */,
			);
			runOnlyForDeploymentPostprocessing = 0;
		};
		BB013B4F2C92235600D2920F /* Sources */ = {
			isa = PBXSourcesBuildPhase;
			buildActionMask = 2147483647;
			files = (
				BB013B582C92235600D2920F /* groceryMartTests.swift in Sources */,
			);
			runOnlyForDeploymentPostprocessing = 0;
		};
		BB013B592C92235600D2920F /* Sources */ = {
			isa = PBXSourcesBuildPhase;
			buildActionMask = 2147483647;
			files = (
				BB013B642C92235600D2920F /* groceryMartUITestsLaunchTests.swift in Sources */,
				BB013B622C92235600D2920F /* groceryMartUITests.swift in Sources */,
			);
			runOnlyForDeploymentPostprocessing = 0;
		};
/* End PBXSourcesBuildPhase section */

/* Begin PBXTargetDependency section */
		BB013B552C92235600D2920F /* PBXTargetDependency */ = {
			isa = PBXTargetDependency;
			target = BB013B422C92235300D2920F /* groceryMart */;
			targetProxy = BB013B542C92235600D2920F /* PBXContainerItemProxy */;
		};
		BB013B5F2C92235600D2920F /* PBXTargetDependency */ = {
			isa = PBXTargetDependency;
			target = BB013B422C92235300D2920F /* groceryMart */;
			targetProxy = BB013B5E2C92235600D2920F /* PBXContainerItemProxy */;
		};
/* End PBXTargetDependency section */

/* Begin XCBuildConfiguration section */
		BB013B652C92235600D2920F /* Debug */ = {
			isa = XCBuildConfiguration;
			buildSettings = {
				ALWAYS_SEARCH_USER_PATHS = NO;
				ASSETCATALOG_COMPILER_GENERATE_SWIFT_ASSET_SYMBOL_EXTENSIONS = YES;
				CLANG_ANALYZER_NONNULL = YES;
				CLANG_ANALYZER_NUMBER_OBJECT_CONVERSION = YES_AGGRESSIVE;
				CLANG_CXX_LANGUAGE_STANDARD = "gnu++20";
				CLANG_ENABLE_MODULES = YES;
				CLANG_ENABLE_OBJC_ARC = YES;
				CLANG_ENABLE_OBJC_WEAK = YES;
				CLANG_WARN_BLOCK_CAPTURE_AUTORELEASING = YES;
				CLANG_WARN_BOOL_CONVERSION = YES;
				CLANG_WARN_COMMA = YES;
				CLANG_WARN_CONSTANT_CONVERSION = YES;
				CLANG_WARN_DEPRECATED_OBJC_IMPLEMENTATIONS = YES;
				CLANG_WARN_DIRECT_OBJC_ISA_USAGE = YES_ERROR;
				CLANG_WARN_DOCUMENTATION_COMMENTS = YES;
				CLANG_WARN_EMPTY_BODY = YES;
				CLANG_WARN_ENUM_CONVERSION = YES;
				CLANG_WARN_INFINITE_RECURSION = YES;
				CLANG_WARN_INT_CONVERSION = YES;
				CLANG_WARN_NON_LITERAL_NULL_CONVERSION = YES;
				CLANG_WARN_OBJC_IMPLICIT_RETAIN_SELF = YES;
				CLANG_WARN_OBJC_LITERAL_CONVERSION = YES;
				CLANG_WARN_OBJC_ROOT_CLASS = YES_ERROR;
				CLANG_WARN_QUOTED_INCLUDE_IN_FRAMEWORK_HEADER = YES;
				CLANG_WARN_RANGE_LOOP_ANALYSIS = YES;
				CLANG_WARN_STRICT_PROTOTYPES = YES;
				CLANG_WARN_SUSPICIOUS_MOVE = YES;
				CLANG_WARN_UNGUARDED_AVAILABILITY = YES_AGGRESSIVE;
				CLANG_WARN_UNREACHABLE_CODE = YES;
				CLANG_WARN__DUPLICATE_METHOD_MATCH = YES;
				COPY_PHASE_STRIP = NO;
				DEBUG_INFORMATION_FORMAT = dwarf;
				ENABLE_STRICT_OBJC_MSGSEND = YES;
				ENABLE_TESTABILITY = YES;
				ENABLE_USER_SCRIPT_SANDBOXING = YES;
				GCC_C_LANGUAGE_STANDARD = gnu17;
				GCC_DYNAMIC_NO_PIC = NO;
				GCC_NO_COMMON_BLOCKS = YES;
				GCC_OPTIMIZATION_LEVEL = 0;
				GCC_PREPROCESSOR_DEFINITIONS = (
					"DEBUG=1",
					"$(inherited)",
				);
				GCC_WARN_64_TO_32_BIT_CONVERSION = YES;
				GCC_WARN_ABOUT_RETURN_TYPE = YES_ERROR;
				GCC_WARN_UNDECLARED_SELECTOR = YES;
				GCC_WARN_UNINITIALIZED_AUTOS = YES_AGGRESSIVE;
				GCC_WARN_UNUSED_FUNCTION = YES;
				GCC_WARN_UNUSED_VARIABLE = YES;
				IPHONEOS_DEPLOYMENT_TARGET = 17.5;
				LOCALIZATION_PREFERS_STRING_CATALOGS = YES;
				MTL_ENABLE_DEBUG_INFO = INCLUDE_SOURCE;
				MTL_FAST_MATH = YES;
				ONLY_ACTIVE_ARCH = YES;
				SDKROOT = iphoneos;
				SWIFT_ACTIVE_COMPILATION_CONDITIONS = "DEBUG $(inherited)";
				SWIFT_OPTIMIZATION_LEVEL = "-Onone";
			};
			name = Debug;
		};
		BB013B662C92235600D2920F /* Release */ = {
			isa = XCBuildConfiguration;
			buildSettings = {
				ALWAYS_SEARCH_USER_PATHS = NO;
				ASSETCATALOG_COMPILER_GENERATE_SWIFT_ASSET_SYMBOL_EXTENSIONS = YES;
				CLANG_ANALYZER_NONNULL = YES;
				CLANG_ANALYZER_NUMBER_OBJECT_CONVERSION = YES_AGGRESSIVE;
				CLANG_CXX_LANGUAGE_STANDARD = "gnu++20";
				CLANG_ENABLE_MODULES = YES;
				CLANG_ENABLE_OBJC_ARC = YES;
				CLANG_ENABLE_OBJC_WEAK = YES;
				CLANG_WARN_BLOCK_CAPTURE_AUTORELEASING = YES;
				CLANG_WARN_BOOL_CONVERSION = YES;
				CLANG_WARN_COMMA = YES;
				CLANG_WARN_CONSTANT_CONVERSION = YES;
				CLANG_WARN_DEPRECATED_OBJC_IMPLEMENTATIONS = YES;
				CLANG_WARN_DIRECT_OBJC_ISA_USAGE = YES_ERROR;
				CLANG_WARN_DOCUMENTATION_COMMENTS = YES;
				CLANG_WARN_EMPTY_BODY = YES;
				CLANG_WARN_ENUM_CONVERSION = YES;
				CLANG_WARN_INFINITE_RECURSION = YES;
				CLANG_WARN_INT_CONVERSION = YES;
				CLANG_WARN_NON_LITERAL_NULL_CONVERSION = YES;
				CLANG_WARN_OBJC_IMPLICIT_RETAIN_SELF = YES;
				CLANG_WARN_OBJC_LITERAL_CONVERSION = YES;
				CLANG_WARN_OBJC_ROOT_CLASS = YES_ERROR;
				CLANG_WARN_QUOTED_INCLUDE_IN_FRAMEWORK_HEADER = YES;
				CLANG_WARN_RANGE_LOOP_ANALYSIS = YES;
				CLANG_WARN_STRICT_PROTOTYPES = YES;
				CLANG_WARN_SUSPICIOUS_MOVE = YES;
				CLANG_WARN_UNGUARDED_AVAILABILITY = YES_AGGRESSIVE;
				CLANG_WARN_UNREACHABLE_CODE = YES;
				CLANG_WARN__DUPLICATE_METHOD_MATCH = YES;
				COPY_PHASE_STRIP = NO;
				DEBUG_INFORMATION_FORMAT = "dwarf-with-dsym";
				ENABLE_NS_ASSERTIONS = NO;
				ENABLE_STRICT_OBJC_MSGSEND = YES;
				ENABLE_USER_SCRIPT_SANDBOXING = YES;
				GCC_C_LANGUAGE_STANDARD = gnu17;
				GCC_NO_COMMON_BLOCKS = YES;
				GCC_WARN_64_TO_32_BIT_CONVERSION = YES;
				GCC_WARN_ABOUT_RETURN_TYPE = YES_ERROR;
				GCC_WARN_UNDECLARED_SELECTOR = YES;
				GCC_WARN_UNINITIALIZED_AUTOS = YES_AGGRESSIVE;
				GCC_WARN_UNUSED_FUNCTION = YES;
				GCC_WARN_UNUSED_VARIABLE = YES;
				IPHONEOS_DEPLOYMENT_TARGET = 17.5;
				LOCALIZATION_PREFERS_STRING_CATALOGS = YES;
				MTL_ENABLE_DEBUG_INFO = NO;
				MTL_FAST_MATH = YES;
				SDKROOT = iphoneos;
				SWIFT_COMPILATION_MODE = wholemodule;
				VALIDATE_PRODUCT = YES;
			};
			name = Release;
		};
		BB013B682C92235600D2920F /* Debug */ = {
			isa = XCBuildConfiguration;
			buildSettings = {
				ASSETCATALOG_COMPILER_APPICON_NAME = AppIcon;
				ASSETCATALOG_COMPILER_GLOBAL_ACCENT_COLOR_NAME = AccentColor;
				CODE_SIGN_STYLE = Automatic;
				CURRENT_PROJECT_VERSION = 1;
				DEVELOPMENT_ASSET_PATHS = "\"groceryMart/Preview Content\"";
				DEVELOPMENT_TEAM = 7HM2K8HWPV;
				ENABLE_PREVIEWS = YES;
				GENERATE_INFOPLIST_FILE = YES;
				INFOPLIST_KEY_UIApplicationSceneManifest_Generation = YES;
				INFOPLIST_KEY_UIApplicationSupportsIndirectInputEvents = YES;
				INFOPLIST_KEY_UILaunchScreen_Generation = YES;
				INFOPLIST_KEY_UISupportedInterfaceOrientations_iPad = "UIInterfaceOrientationPortrait UIInterfaceOrientationPortraitUpsideDown UIInterfaceOrientationLandscapeLeft UIInterfaceOrientationLandscapeRight";
				INFOPLIST_KEY_UISupportedInterfaceOrientations_iPhone = "UIInterfaceOrientationPortrait UIInterfaceOrientationLandscapeLeft UIInterfaceOrientationLandscapeRight";
				LD_RUNPATH_SEARCH_PATHS = (
					"$(inherited)",
					"@executable_path/Frameworks",
				);
				MARKETING_VERSION = 1.0;
				PRODUCT_BUNDLE_IDENTIFIER = in.galgotias.groceryMart;
				PRODUCT_NAME = "$(TARGET_NAME)";
				SWIFT_EMIT_LOC_STRINGS = YES;
				SWIFT_VERSION = 5.0;
				TARGETED_DEVICE_FAMILY = "1,2";
			};
			name = Debug;
		};
		BB013B692C92235600D2920F /* Release */ = {
			isa = XCBuildConfiguration;
			buildSettings = {
				ASSETCATALOG_COMPILER_APPICON_NAME = AppIcon;
				ASSETCATALOG_COMPILER_GLOBAL_ACCENT_COLOR_NAME = AccentColor;
				CODE_SIGN_STYLE = Automatic;
				CURRENT_PROJECT_VERSION = 1;
				DEVELOPMENT_ASSET_PATHS = "\"groceryMart/Preview Content\"";
				DEVELOPMENT_TEAM = 7HM2K8HWPV;
				ENABLE_PREVIEWS = YES;
				GENERATE_INFOPLIST_FILE = YES;
				INFOPLIST_KEY_UIApplicationSceneManifest_Generation = YES;
				INFOPLIST_KEY_UIApplicationSupportsIndirectInputEvents = YES;
				INFOPLIST_KEY_UILaunchScreen_Generation = YES;
				INFOPLIST_KEY_UISupportedInterfaceOrientations_iPad = "UIInterfaceOrientationPortrait UIInterfaceOrientationPortraitUpsideDown UIInterfaceOrientationLandscapeLeft UIInterfaceOrientationLandscapeRight";
				INFOPLIST_KEY_UISupportedInterfaceOrientations_iPhone = "UIInterfaceOrientationPortrait UIInterfaceOrientationLandscapeLeft UIInterfaceOrientationLandscapeRight";
				LD_RUNPATH_SEARCH_PATHS = (
					"$(inherited)",
					"@executable_path/Frameworks",
				);
				MARKETING_VERSION = 1.0;
				PRODUCT_BUNDLE_IDENTIFIER = in.galgotias.groceryMart;
				PRODUCT_NAME = "$(TARGET_NAME)";
				SWIFT_EMIT_LOC_STRINGS = YES;
				SWIFT_VERSION = 5.0;
				TARGETED_DEVICE_FAMILY = "1,2";
			};
			name = Release;
		};
		BB013B6B2C92235600D2920F /* Debug */ = {
			isa = XCBuildConfiguration;
			buildSettings = {
				ALWAYS_EMBED_SWIFT_STANDARD_LIBRARIES = YES;
				BUNDLE_LOADER = "$(TEST_HOST)";
				CODE_SIGN_STYLE = Automatic;
				CURRENT_PROJECT_VERSION = 1;
				DEVELOPMENT_TEAM = 7HM2K8HWPV;
				GENERATE_INFOPLIST_FILE = YES;
				IPHONEOS_DEPLOYMENT_TARGET = 17.5;
				MARKETING_VERSION = 1.0;
				PRODUCT_BUNDLE_IDENTIFIER = in.galgotias.groceryMartTests;
				PRODUCT_NAME = "$(TARGET_NAME)";
				SWIFT_EMIT_LOC_STRINGS = NO;
				SWIFT_VERSION = 5.0;
				TARGETED_DEVICE_FAMILY = "1,2";
				TEST_HOST = "$(BUILT_PRODUCTS_DIR)/groceryMart.app/$(BUNDLE_EXECUTABLE_FOLDER_PATH)/groceryMart";
			};
			name = Debug;
		};
		BB013B6C2C92235600D2920F /* Release */ = {
			isa = XCBuildConfiguration;
			buildSettings = {
				ALWAYS_EMBED_SWIFT_STANDARD_LIBRARIES = YES;
				BUNDLE_LOADER = "$(TEST_HOST)";
				CODE_SIGN_STYLE = Automatic;
				CURRENT_PROJECT_VERSION = 1;
				DEVELOPMENT_TEAM = 7HM2K8HWPV;
				GENERATE_INFOPLIST_FILE = YES;
				IPHONEOS_DEPLOYMENT_TARGET = 17.5;
				MARKETING_VERSION = 1.0;
				PRODUCT_BUNDLE_IDENTIFIER = in.galgotias.groceryMartTests;
				PRODUCT_NAME = "$(TARGET_NAME)";
				SWIFT_EMIT_LOC_STRINGS = NO;
				SWIFT_VERSION = 5.0;
				TARGETED_DEVICE_FAMILY = "1,2";
				TEST_HOST = "$(BUILT_PRODUCTS_DIR)/groceryMart.app/$(BUNDLE_EXECUTABLE_FOLDER_PATH)/groceryMart";
			};
			name = Release;
		};
		BB013B6E2C92235600D2920F /* Debug */ = {
			isa = XCBuildConfiguration;
			buildSettings = {
				ALWAYS_EMBED_SWIFT_STANDARD_LIBRARIES = YES;
				CODE_SIGN_STYLE = Automatic;
				CURRENT_PROJECT_VERSION = 1;
				DEVELOPMENT_TEAM = 7HM2K8HWPV;
				GENERATE_INFOPLIST_FILE = YES;
				MARKETING_VERSION = 1.0;
				PRODUCT_BUNDLE_IDENTIFIER = in.galgotias.groceryMartUITests;
				PRODUCT_NAME = "$(TARGET_NAME)";
				SWIFT_EMIT_LOC_STRINGS = NO;
				SWIFT_VERSION = 5.0;
				TARGETED_DEVICE_FAMILY = "1,2";
				TEST_TARGET_NAME = groceryMart;
			};
			name = Debug;
		};
		BB013B6F2C92235600D2920F /* Release */ = {
			isa = XCBuildConfiguration;
			buildSettings = {
				ALWAYS_EMBED_SWIFT_STANDARD_LIBRARIES = YES;
				CODE_SIGN_STYLE = Automatic;
				CURRENT_PROJECT_VERSION = 1;
				DEVELOPMENT_TEAM = 7HM2K8HWPV;
				GENERATE_INFOPLIST_FILE = YES;
				MARKETING_VERSION = 1.0;
				PRODUCT_BUNDLE_IDENTIFIER = in.galgotias.groceryMartUITests;
				PRODUCT_NAME = "$(TARGET_NAME)";
				SWIFT_EMIT_LOC_STRINGS = NO;
				SWIFT_VERSION = 5.0;
				TARGETED_DEVICE_FAMILY = "1,2";
				TEST_TARGET_NAME = groceryMart;
			};
			name = Release;
		};
/* End XCBuildConfiguration section */

/* Begin XCConfigurationList section */
		BB013B3E2C92235300D2920F /* Build configuration list for PBXProject "groceryMart" */ = {
			isa = XCConfigurationList;
			buildConfigurations = (
				BB013B652C92235600D2920F /* Debug */,
				BB013B662C92235600D2920F /* Release */,
			);
			defaultConfigurationIsVisible = 0;
			defaultConfigurationName = Release;
		};
		BB013B672C92235600D2920F /* Build configuration list for PBXNativeTarget "groceryMart" */ = {
			isa = XCConfigurationList;
			buildConfigurations = (
				BB013B682C92235600D2920F /* Debug */,
				BB013B692C92235600D2920F /* Release */,
			);
			defaultConfigurationIsVisible = 0;
			defaultConfigurationName = Release;
		};
		BB013B6A2C92235600D2920F /* Build configuration list for PBXNativeTarget "groceryMartTests" */ = {
			isa = XCConfigurationList;
			buildConfigurations = (
				BB013B6B2C92235600D2920F /* Debug */,
				BB013B6C2C92235600D2920F /* Release */,
			);
			defaultConfigurationIsVisible = 0;
			defaultConfigurationName = Release;
		};
		BB013B6D2C92235600D2920F /* Build configuration list for PBXNativeTarget "groceryMartUITests" */ = {
			isa = XCConfigurationList;
			buildConfigurations = (
				BB013B6E2C92235600D2920F /* Debug */,
				BB013B6F2C92235600D2920F /* Release */,
			);
			defaultConfigurationIsVisible = 0;
			defaultConfigurationName = Release;
		};
/* End XCConfigurationList section */
	};
	rootObject = BB013B3B2C92235300D2920F /* Project object */;
}
